
Microsoft Visual Studio Solution File, Format Version 12.00
# Visual Studio Version 17
VisualStudioVersion = 17.14.36203.30
MinimumVisualStudioVersion = 10.0.40219.1
Project("{FAE04EC0-301F-11D3-BF4B-00C04F79EFBC}") = "MyApiProject.EntityLayer", "MyApiProject.EntityLayer\MyApiProject.EntityLayer.csproj", "{5EBC472D-8A77-4E9A-9166-1D1F39863039}"
EndProject
Global
	GlobalSection(SolutionConfigurationPlatforms) = preSolution
		Debug|Any CPU = Debug|Any CPU
		Release|Any CPU = Release|Any CPU
	EndGlobalSection
	GlobalSection(ProjectConfigurationPlatforms) = postSolution
		{5EBC472D-8A77-4E9A-9166-1D1F39863039}.Debug|Any CPU.ActiveCfg = Debug|Any CPU
		{5EBC472D-8A77-4E9A-9166-1D1F39863039}.Debug|Any CPU.Build.0 = Debug|Any CPU
		{5EBC472D-8A77-4E9A-9166-1D1F39863039}.Release|Any CPU.ActiveCfg = Release|Any CPU
		{5EBC472D-8A77-4E9A-9166-1D1F39863039}.Release|Any CPU.Build.0 = Release|Any CPU
	EndGlobalSection
	GlobalSection(SolutionProperties) = preSolution
		HideSolutionNode = FALSE
	EndGlobalSection
	GlobalSection(ExtensibilityGlobals) = postSolution
		SolutionGuid = {7A804929-0C07-404C-988D-B6224D89B883}
	EndGlobalSection
EndGlobal
