
Microsoft Visual Studio Solution File, Format Version 12.00
# Visual Studio Version 17
VisualStudioVersion = 17.14.36203.30
MinimumVisualStudioVersion = 10.0.40219.1
Project("{FAE04EC0-301F-11D3-BF4B-00C04F79EFBC}") = "MyApiProject.EntityLayer", "MyApiProject.EntityLayer\MyApiProject.EntityLayer.csproj", "{AD47F1F1-91F4-452E-BFB7-3FAE54486C37}"
EndProject
Project("{FAE04EC0-301F-11D3-BF4B-00C04F79EFBC}") = "MyApiProject.DataAccessLayer", "MyApiProject.DataAccessLayer\MyApiProject.DataAccessLayer.csproj", "{469EC9E9-34F5-448D-A29E-A582ED36E01F}"
EndProject
Project("{FAE04EC0-301F-11D3-BF4B-00C04F79EFBC}") = "MyApiProject.BusinessLayer", "MyApiProject.BusinessLayer\MyApiProject.BusinessLayer.csproj", "{B457ECED-0C8D-4AED-94A9-C4DD21D129DC}"
EndProject
Project("{FAE04EC0-301F-11D3-BF4B-00C04F79EFBC}") = "MyApiProject.WebApi", "MyApiProject.WebApi\MyApiProject.WebApi.csproj", "{5F0DE070-E373-400A-B9F7-D6BECA091FF2}"
EndProject
Project("{FAE04EC0-301F-11D3-BF4B-00C04F79EFBC}") = "MyApiProject.DtoLayer", "MyApiProject.DtoLayer\MyApiProject.DtoLayer.csproj", "{CA955303-A4DD-438E-A1B6-0B1CE9BCEC45}"
EndProject
Project("{FAE04EC0-301F-11D3-BF4B-00C04F79EFBC}") = "MyApiProject.WebUI", "MyApiProject.WebUI\MyApiProject.WebUI.csproj", "{A99FED5D-478B-4998-A507-8702E6386D68}"
EndProject
Global
	GlobalSection(SolutionConfigurationPlatforms) = preSolution
		Debug|Any CPU = Debug|Any CPU
		Release|Any CPU = Release|Any CPU
	EndGlobalSection
	GlobalSection(ProjectConfigurationPlatforms) = postSolution
		{AD47F1F1-91F4-452E-BFB7-3FAE54486C37}.Debug|Any CPU.ActiveCfg = Debug|Any CPU
		{AD47F1F1-91F4-452E-BFB7-3FAE54486C37}.Debug|Any CPU.Build.0 = Debug|Any CPU
		{AD47F1F1-91F4-452E-BFB7-3FAE54486C37}.Release|Any CPU.ActiveCfg = Release|Any CPU
		{AD47F1F1-91F4-452E-BFB7-3FAE54486C37}.Release|Any CPU.Build.0 = Release|Any CPU
		{469EC9E9-34F5-448D-A29E-A582ED36E01F}.Debug|Any CPU.ActiveCfg = Debug|Any CPU
		{469EC9E9-34F5-448D-A29E-A582ED36E01F}.Debug|Any CPU.Build.0 = Debug|Any CPU
		{469EC9E9-34F5-448D-A29E-A582ED36E01F}.Release|Any CPU.ActiveCfg = Release|Any CPU
		{469EC9E9-34F5-448D-A29E-A582ED36E01F}.Release|Any CPU.Build.0 = Release|Any CPU
		{B457ECED-0C8D-4AED-94A9-C4DD21D129DC}.Debug|Any CPU.ActiveCfg = Debug|Any CPU
		{B457ECED-0C8D-4AED-94A9-C4DD21D129DC}.Debug|Any CPU.Build.0 = Debug|Any CPU
		{B457ECED-0C8D-4AED-94A9-C4DD21D129DC}.Release|Any CPU.ActiveCfg = Release|Any CPU
		{B457ECED-0C8D-4AED-94A9-C4DD21D129DC}.Release|Any CPU.Build.0 = Release|Any CPU
		{5F0DE070-E373-400A-B9F7-D6BECA091FF2}.Debug|Any CPU.ActiveCfg = Debug|Any CPU
		{5F0DE070-E373-400A-B9F7-D6BECA091FF2}.Debug|Any CPU.Build.0 = Debug|Any CPU
		{5F0DE070-E373-400A-B9F7-D6BECA091FF2}.Release|Any CPU.ActiveCfg = Release|Any CPU
		{5F0DE070-E373-400A-B9F7-D6BECA091FF2}.Release|Any CPU.Build.0 = Release|Any CPU
		{CA955303-A4DD-438E-A1B6-0B1CE9BCEC45}.Debug|Any CPU.ActiveCfg = Debug|Any CPU
		{CA955303-A4DD-438E-A1B6-0B1CE9BCEC45}.Debug|Any CPU.Build.0 = Debug|Any CPU
		{CA955303-A4DD-438E-A1B6-0B1CE9BCEC45}.Release|Any CPU.ActiveCfg = Release|Any CPU
		{CA955303-A4DD-438E-A1B6-0B1CE9BCEC45}.Release|Any CPU.Build.0 = Release|Any CPU
		{A99FED5D-478B-4998-A507-8702E6386D68}.Debug|Any CPU.ActiveCfg = Debug|Any CPU
		{A99FED5D-478B-4998-A507-8702E6386D68}.Debug|Any CPU.Build.0 = Debug|Any CPU
		{A99FED5D-478B-4998-A507-8702E6386D68}.Release|Any CPU.ActiveCfg = Release|Any CPU
		{A99FED5D-478B-4998-A507-8702E6386D68}.Release|Any CPU.Build.0 = Release|Any CPU
	EndGlobalSection
	GlobalSection(SolutionProperties) = preSolution
		HideSolutionNode = FALSE
	EndGlobalSection
	GlobalSection(ExtensibilityGlobals) = postSolution
		SolutionGuid = {7A804929-0C07-404C-988D-B6224D89B883}
	EndGlobalSection
EndGlobal
